{
  "requires": true,
  "lockfileVersion": 1,
  "dependencies": {
    "jutils-src": {
      "version": "1.0.0-beta2",
      "resolved": "https://registry.npmjs.org/jutils-src/-/jutils-src-1.0.0-beta2.tgz",
      "integrity": "sha512-HSOEeJu1PDaQovSnHgmy4tv/nnh3FtrzSvlnYxowpzBjgiNziaLuvKXMbRi8zIGatyrM+By4jBDU5UtuJUzxHg=="
    },
    "typescript": {
      "version": "4.1.0-beta",
      "resolved": "https://registry.npmjs.org/typescript/-/typescript-4.1.0-beta.tgz",
      "integrity": "sha512-b/LAttdVl3G6FEmnMkDsK0xvfvaftXpSKrjXn+OVCRqrwz5WD/6QJOiN+dTorqDY+hkaH+r2gP5wI1jBDmdQ7A=="
    }
  }
}
